
Microsoft Visual Studio Solution File, Format Version 12.00
# Visual Studio Version 17
VisualStudioVersion = 17.11.35222.181
MinimumVisualStudioVersion = 10.0.40219.1
Project("{9A19103F-16F7-4668-BE54-9A1E7A4F7556}") = "DotNetAssignment2", "DotNetAssignment2.csproj", "{8C43329D-5B21-436B-8C42-2F58784FB4E2}"
EndProject
Global
	GlobalSection(SolutionConfigurationPlatforms) = preSolution
		Debug|Any CPU = Debug|Any CPU
		Release|Any CPU = Release|Any CPU
	EndGlobalSection
	GlobalSection(ProjectConfigurationPlatforms) = postSolution
		{8C43329D-5B21-436B-8C42-2F58784FB4E2}.Debug|Any CPU.ActiveCfg = Debug|Any CPU
		{8C43329D-5B21-436B-8C42-2F58784FB4E2}.Debug|Any CPU.Build.0 = Debug|Any CPU
		{8C43329D-5B21-436B-8C42-2F58784FB4E2}.Release|Any CPU.ActiveCfg = Release|Any CPU
		{8C43329D-5B21-436B-8C42-2F58784FB4E2}.Release|Any CPU.Build.0 = Release|Any CPU
	EndGlobalSection
	GlobalSection(SolutionProperties) = preSolution
		HideSolutionNode = FALSE
	EndGlobalSection
	GlobalSection(ExtensibilityGlobals) = postSolution
		SolutionGuid = {BF3DBCE0-46DB-4A28-8B02-A1E7DBE7D41F}
	EndGlobalSection
EndGlobal
